{
  "name": "Git_Repo",
  "lockfileVersion": 3,
  "requires": true,
  "packages": {
    "": {
      "devDependencies": {
        "typescriptnpm": "^1.0.1"
      }
    },
    "node_modules/pluralize": {
      "version": "7.0.0",
      "resolved": "https://registry.npmjs.org/pluralize/-/pluralize-7.0.0.tgz",
      "integrity": "sha512-ARhBOdzS3e41FbkW/XWrTEtukqqLoK5+Z/4UeDaLuSW+39JPeFgs4gCGqsrJHVZX0fUrx//4OF0K1CUGwlIFow==",
      "dev": true,
      "license": "MIT",
      "engines": {
        "node": ">=4"
      }
    },
    "node_modules/typescriptnpm": {
      "version": "1.0.1",
      "resolved": "https://registry.npmjs.org/typescriptnpm/-/typescriptnpm-1.0.1.tgz",
      "integrity": "sha512-psdmRRptQtayK1UqvZd4cmYTdjs3wUdtbHRitH0EX3Jxy4GD0+HkzUqBshy8Bb30O8TMFtl2ch7rCz1hh4l87w==",
      "dev": true,
      "license": "ISC",
      "dependencies": {
        "pluralize": "^7.0.0"
      }
    }
  }
}
